{
  "name": "rungeon",
  "lockfileVersion": 2,
  "requires": true,
  "packages": {
    "": {
      "dependencies": {
        "simple-notify": "^0.5.5"
      }
    },
    "node_modules/simple-notify": {
      "version": "0.5.5",
      "resolved": "https://registry.npmjs.org/simple-notify/-/simple-notify-0.5.5.tgz",
      "integrity": "sha512-zsFPqTqoSOcAGdvT76NdxkceC0kKiRSLJLVD6fn2o2j17bwUMw3cl9f07aLmojAHeNzQRUeXNxYK4OCumIcC4g=="
    }
  },
  "dependencies": {
    "simple-notify": {
      "version": "0.5.5",
      "resolved": "https://registry.npmjs.org/simple-notify/-/simple-notify-0.5.5.tgz",
      "integrity": "sha512-zsFPqTqoSOcAGdvT76NdxkceC0kKiRSLJLVD6fn2o2j17bwUMw3cl9f07aLmojAHeNzQRUeXNxYK4OCumIcC4g=="
    }
  }
}
